// !$*UTF8*$!
{
	archiveVersion = 1;
	classes = {
	};
	objectVersion = 50;
	objects = {

/* Begin PBXBuildFile section */
		FF504A7B25C7B0CA00FA5A44 /* AppDelegate.swift in Sources */ = {isa = PBXBuildFile; fileRef = FF504A7A25C7B0CA00FA5A44 /* AppDelegate.swift */; };
		FF504A7D25C7B0CA00FA5A44 /* SceneDelegate.swift in Sources */ = {isa = PBXBuildFile; fileRef = FF504A7C25C7B0CA00FA5A44 /* SceneDelegate.swift */; };
		FF504A7F25C7B0CA00FA5A44 /* ViewController.swift in Sources */ = {isa = PBXBuildFile; fileRef = FF504A7E25C7B0CA00FA5A44 /* ViewController.swift */; };
		FF504A8225C7B0CA00FA5A44 /* Main.storyboard in Resources */ = {isa = PBXBuildFile; fileRef = FF504A8025C7B0CA00FA5A44 /* Main.storyboard */; };
		FF504A8425C7B0D000FA5A44 /* Assets.xcassets in Resources */ = {isa = PBXBuildFile; fileRef = FF504A8325C7B0D000FA5A44 /* Assets.xcassets */; };
		FF504A8725C7B0D000FA5A44 /* LaunchScreen.storyboard in Resources */ = {isa = PBXBuildFile; fileRef = FF504A8525C7B0D000FA5A44 /* LaunchScreen.storyboard */; };
/* End PBXBuildFile section */

/* Begin PBXFileReference section */
		FF504A7725C7B0CA00FA5A44 /* LearnBranching.app */ = {isa = PBXFileReference; explicitFileType = wrapper.application; includeInIndex = 0; path = LearnBranching.app; sourceTree = BUILT_PRODUCTS_DIR; };
		FF504A7A25C7B0CA00FA5A44 /* AppDelegate.swift */ = {isa = PBXFileReference; lastKnownFileType = sourcecode.swift; path = AppDelegate.swift; sourceTree = "<group>"; };
		FF504A7C25C7B0CA00FA5A44 /* SceneDelegate.swift */ = {isa = PBXFileReference; lastKnownFileType = sourcecode.swift; path = SceneDelegate.swift; sourceTree = "<group>"; };
		FF504A7E25C7B0CA00FA5A44 /* ViewController.swift */ = {isa = PBXFileReference; lastKnownFileType = sourcecode.swift; path = ViewController.swift; sourceTree = "<group>"; };
		FF504A8125C7B0CA00FA5A44 /* Base */ = {isa = PBXFileReference; lastKnownFileType = file.storyboard; name = Base; path = Base.lproj/Main.storyboard; sourceTree = "<group>"; };
		FF504A8325C7B0D000FA5A44 /* Assets.xcassets */ = {isa = PBXFileReference; lastKnownFileType = folder.assetcatalog; path = Assets.xcassets; sourceTree = "<group>"; };
		FF504A8625C7B0D000FA5A44 /* Base */ = {isa = PBXFileReference; lastKnownFileType = file.storyboard; name = Base; path = Base.lproj/LaunchScreen.storyboard; sourceTree = "<group>"; };
		FF504A8825C7B0D000FA5A44 /* Info.plist */ = {isa = PBXFileReference; lastKnownFileType = text.plist.xml; path = Info.plist; sourceTree = "<group>"; };
/* End PBXFileReference section */

/* Begin PBXFrameworksBuildPhase section */
		FF504A7425C7B0C900FA5A44 /* Frameworks */ = {
			isa = PBXFrameworksBuildPhase;
			buildActionMask = 2147483647;
			files = (
			);
			runOnlyForDeploymentPostprocessing = 0;
		};
/* End PBXFrameworksBuildPhase section */

/* Begin PBXGroup section */
		FF504A6E25C7B0C900FA5A44 = {
			isa = PBXGroup;
			children = (
				FF504A7925C7B0CA00FA5A44 /* LearnBranching */,
				FF504A7825C7B0CA00FA5A44 /* Products */,
			);
			sourceTree = "<group>";
		};
		FF504A7825C7B0CA00FA5A44 /* Products */ = {
			isa = PBXGroup;
			children = (
				FF504A7725C7B0CA00FA5A44 /* LearnBranching.app */,
			);
			name = Products;
			sourceTree = "<group>";
		};
		FF504A7925C7B0CA00FA5A44 /* LearnBranching */ = {
			isa = PBXGroup;
			children = (
				FF504A7A25C7B0CA00FA5A44 /* AppDelegate.swift */,
				FF504A7C25C7B0CA00FA5A44 /* SceneDelegate.swift */,
				FF504A7E25C7B0CA00FA5A44 /* ViewController.swift */,
				FF504A8025C7B0CA00FA5A44 /* Main.storyboard */,
				FF504A8325C7B0D000FA5A44 /* Assets.xcassets */,
				FF504A8525C7B0D000FA5A44 /* LaunchScreen.storyboard */,
				FF504A8825C7B0D000FA5A44 /* Info.plist */,
			);
			path = LearnBranching;
			sourceTree = "<group>";
		};
/* End PBXGroup section */

/* Begin PBXNativeTarget section */
		FF504A7625C7B0C900FA5A44 /* LearnBranching */ = {
			isa = PBXNativeTarget;
			buildConfigurationList = FF504A8B25C7B0D000FA5A44 /* Build configuration list for PBXNativeTarget "LearnBranching" */;
			buildPhases = (
				FF504A7325C7B0C900FA5A44 /* Sources */,
				FF504A7425C7B0C900FA5A44 /* Frameworks */,
				FF504A7525C7B0C900FA5A44 /* Resources */,
			);
			buildRules = (
			);
			dependencies = (
			);
			name = LearnBranching;
			productName = LearnBranching;
			productReference = FF504A7725C7B0CA00FA5A44 /* LearnBranching.app */;
			productType = "com.apple.product-type.application";
		};
/* End PBXNativeTarget section */

/* Begin PBXProject section */
		FF504A6F25C7B0C900FA5A44 /* Project object */ = {
			isa = PBXProject;
			attributes = {
				LastSwiftUpdateCheck = 1240;
				LastUpgradeCheck = 1240;
				TargetAttributes = {
					FF504A7625C7B0C900FA5A44 = {
						CreatedOnToolsVersion = 12.4;
					};
				};
			};
			buildConfigurationList = FF504A7225C7B0C900FA5A44 /* Build configuration list for PBXProject "LearnBranching" */;
			compatibilityVersion = "Xcode 9.3";
			developmentRegion = en;
			hasScannedForEncodings = 0;
			knownRegions = (
				en,
				Base,
			);
			mainGroup = FF504A6E25C7B0C900FA5A44;
			productRefGroup = FF504A7825C7B0CA00FA5A44 /* Products */;
			projectDirPath = "";
			projectRoot = "";
			targets = (
				FF504A7625C7B0C900FA5A44 /* LearnBranching */,
			);
		};
/* End PBXProject section */

/* Begin PBXResourcesBuildPhase section */
		FF504A7525C7B0C900FA5A44 /* Resources */ = {
			isa = PBXResourcesBuildPhase;
			buildActionMask = 2147483647;
			files = (
				FF504A8725C7B0D000FA5A44 /* LaunchScreen.storyboard in Resources */,
				FF504A8425C7B0D000FA5A44 /* Assets.xcassets in Resources */,
				FF504A8225C7B0CA00FA5A44 /* Main.storyboard in Resources */,
			);
			runOnlyForDeploymentPostprocessing = 0;
		};
/* End PBXResourcesBuildPhase section */

/* Begin PBXSourcesBuildPhase section */
		FF504A7325C7B0C900FA5A44 /* Sources */ = {
			isa = PBXSourcesBuildPhase;
			buildActionMask = 2147483647;
			files = (
				FF504A7F25C7B0CA00FA5A44 /* ViewController.swift in Sources */,
				FF504A7B25C7B0CA00FA5A44 /* AppDelegate.swift in Sources */,
				FF504A7D25C7B0CA00FA5A44 /* SceneDelegate.swift in Sources */,
			);
			runOnlyForDeploymentPostprocessing = 0;
		};
/* End PBXSourcesBuildPhase section */

/* Begin PBXVariantGroup section */
		FF504A8025C7B0CA00FA5A44 /* Main.storyboard */ = {
			isa = PBXVariantGroup;
			children = (
				FF504A8125C7B0CA00FA5A44 /* Base */,
			);
			name = Main.storyboard;
			sourceTree = "<group>";
		};
		FF504A8525C7B0D000FA5A44 /* LaunchScreen.storyboard */ = {
			isa = PBXVariantGroup;
			children = (
				FF504A8625C7B0D000FA5A44 /* Base */,
			);
			name = LaunchScreen.storyboard;
			sourceTree = "<group>";
		};
/* End PBXVariantGroup section */

/* Begin XCBuildConfiguration section */
		FF504A8925C7B0D000FA5A44 /* Debug */ = {
			isa = XCBuildConfiguration;
			buildSettings = {
				ALWAYS_SEARCH_USER_PATHS = NO;
				CLANG_ANALYZER_NONNULL = YES;
				CLANG_ANALYZER_NUMBER_OBJECT_CONVERSION = YES_AGGRESSIVE;
				CLANG_CXX_LANGUAGE_STANDARD = "gnu++14";
				CLANG_CXX_LIBRARY = "libc++";
				CLANG_ENABLE_MODULES = YES;
				CLANG_ENABLE_OBJC_ARC = YES;
				CLANG_ENABLE_OBJC_WEAK = YES;
				CLANG_WARN_BLOCK_CAPTURE_AUTORELEASING = YES;
				CLANG_WARN_BOOL_CONVERSION = YES;
				CLANG_WARN_COMMA = YES;
				CLANG_WARN_CONSTANT_CONVERSION = YES;
				CLANG_WARN_DEPRECATED_OBJC_IMPLEMENTATIONS = YES;
				CLANG_WARN_DIRECT_OBJC_ISA_USAGE = YES_ERROR;
				CLANG_WARN_DOCUMENTATION_COMMENTS = YES;
				CLANG_WARN_EMPTY_BODY = YES;
				CLANG_WARN_ENUM_CONVERSION = YES;
				CLANG_WARN_INFINITE_RECURSION = YES;
				CLANG_WARN_INT_CONVERSION = YES;
				CLANG_WARN_NON_LITERAL_NULL_CONVERSION = YES;
				CLANG_WARN_OBJC_IMPLICIT_RETAIN_SELF = YES;
				CLANG_WARN_OBJC_LITERAL_CONVERSION = YES;
				CLANG_WARN_OBJC_ROOT_CLASS = YES_ERROR;
				CLANG_WARN_QUOTED_INCLUDE_IN_FRAMEWORK_HEADER = YES;
				CLANG_WARN_RANGE_LOOP_ANALYSIS = YES;
				CLANG_WARN_STRICT_PROTOTYPES = YES;
				CLANG_WARN_SUSPICIOUS_MOVE = YES;
				CLANG_WARN_UNGUARDED_AVAILABILITY = YES_AGGRESSIVE;
				CLANG_WARN_UNREACHABLE_CODE = YES;
				CLANG_WARN__DUPLICATE_METHOD_MATCH = YES;
				COPY_PHASE_STRIP = NO;
				DEBUG_INFORMATION_FORMAT = dwarf;
				ENABLE_STRICT_OBJC_MSGSEND = YES;
				ENABLE_TESTABILITY = YES;
				GCC_C_LANGUAGE_STANDARD = gnu11;
				GCC_DYNAMIC_NO_PIC = NO;
				GCC_NO_COMMON_BLOCKS = YES;
				GCC_OPTIMIZATION_LEVEL = 0;
				GCC_PREPROCESSOR_DEFINITIONS = (
					"DEBUG=1",
					"$(inherited)",
				);
				GCC_WARN_64_TO_32_BIT_CONVERSION = YES;
				GCC_WARN_ABOUT_RETURN_TYPE = YES_ERROR;
				GCC_WARN_UNDECLARED_SELECTOR = YES;
				GCC_WARN_UNINITIALIZED_AUTOS = YES_AGGRESSIVE;
				GCC_WARN_UNUSED_FUNCTION = YES;
				GCC_WARN_UNUSED_VARIABLE = YES;
				IPHONEOS_DEPLOYMENT_TARGET = 14.4;
				MTL_ENABLE_DEBUG_INFO = INCLUDE_SOURCE;
				MTL_FAST_MATH = YES;
				ONLY_ACTIVE_ARCH = YES;
				SDKROOT = iphoneos;
				SWIFT_ACTIVE_COMPILATION_CONDITIONS = DEBUG;
				SWIFT_OPTIMIZATION_LEVEL = "-Onone";
			};
			name = Debug;
		};
		FF504A8A25C7B0D000FA5A44 /* Release */ = {
			isa = XCBuildConfiguration;
			buildSettings = {
				ALWAYS_SEARCH_USER_PATHS = NO;
				CLANG_ANALYZER_NONNULL = YES;
				CLANG_ANALYZER_NUMBER_OBJECT_CONVERSION = YES_AGGRESSIVE;
				CLANG_CXX_LANGUAGE_STANDARD = "gnu++14";
				CLANG_CXX_LIBRARY = "libc++";
				CLANG_ENABLE_MODULES = YES;
				CLANG_ENABLE_OBJC_ARC = YES;
				CLANG_ENABLE_OBJC_WEAK = YES;
				CLANG_WARN_BLOCK_CAPTURE_AUTORELEASING = YES;
				CLANG_WARN_BOOL_CONVERSION = YES;
				CLANG_WARN_COMMA = YES;
				CLANG_WARN_CONSTANT_CONVERSION = YES;
				CLANG_WARN_DEPRECATED_OBJC_IMPLEMENTATIONS = YES;
				CLANG_WARN_DIRECT_OBJC_ISA_USAGE = YES_ERROR;
				CLANG_WARN_DOCUMENTATION_COMMENTS = YES;
				CLANG_WARN_EMPTY_BODY = YES;
				CLANG_WARN_ENUM_CONVERSION = YES;
				CLANG_WARN_INFINITE_RECURSION = YES;
				CLANG_WARN_INT_CONVERSION = YES;
				CLANG_WARN_NON_LITERAL_NULL_CONVERSION = YES;
				CLANG_WARN_OBJC_IMPLICIT_RETAIN_SELF = YES;
				CLANG_WARN_OBJC_LITERAL_CONVERSION = YES;
				CLANG_WARN_OBJC_ROOT_CLASS = YES_ERROR;
				CLANG_WARN_QUOTED_INCLUDE_IN_FRAMEWORK_HEADER = YES;
				CLANG_WARN_RANGE_LOOP_ANALYSIS = YES;
				CLANG_WARN_STRICT_PROTOTYPES = YES;
				CLANG_WARN_SUSPICIOUS_MOVE = YES;
				CLANG_WARN_UNGUARDED_AVAILABILITY = YES_AGGRESSIVE;
				CLANG_WARN_UNREACHABLE_CODE = YES;
				CLANG_WARN__DUPLICATE_METHOD_MATCH = YES;
				COPY_PHASE_STRIP = NO;
				DEBUG_INFORMATION_FORMAT = "dwarf-with-dsym";
				ENABLE_NS_ASSERTIONS = NO;
				ENABLE_STRICT_OBJC_MSGSEND = YES;
				GCC_C_LANGUAGE_STANDARD = gnu11;
				GCC_NO_COMMON_BLOCKS = YES;
				GCC_WARN_64_TO_32_BIT_CONVERSION = YES;
				GCC_WARN_ABOUT_RETURN_TYPE = YES_ERROR;
				GCC_WARN_UNDECLARED_SELECTOR = YES;
				GCC_WARN_UNINITIALIZED_AUTOS = YES_AGGRESSIVE;
				GCC_WARN_UNUSED_FUNCTION = YES;
				GCC_WARN_UNUSED_VARIABLE = YES;
				IPHONEOS_DEPLOYMENT_TARGET = 14.4;
				MTL_ENABLE_DEBUG_INFO = NO;
				MTL_FAST_MATH = YES;
				SDKROOT = iphoneos;
				SWIFT_COMPILATION_MODE = wholemodule;
				SWIFT_OPTIMIZATION_LEVEL = "-O";
				VALIDATE_PRODUCT = YES;
			};
			name = Release;
		};
		FF504A8C25C7B0D000FA5A44 /* Debug */ = {
			isa = XCBuildConfiguration;
			buildSettings = {
				ASSETCATALOG_COMPILER_APPICON_NAME = AppIcon;
				ASSETCATALOG_COMPILER_GLOBAL_ACCENT_COLOR_NAME = AccentColor;
				CODE_SIGN_STYLE = Automatic;
				INFOPLIST_FILE = LearnBranching/Info.plist;
				LD_RUNPATH_SEARCH_PATHS = (
					"$(inherited)",
					"@executable_path/Frameworks",
				);
				PRODUCT_BUNDLE_IDENTIFIER = None.LearnBranching;
				PRODUCT_NAME = "$(TARGET_NAME)";
				SWIFT_VERSION = 5.0;
				TARGETED_DEVICE_FAMILY = "1,2";
			};
			name = Debug;
		};
		FF504A8D25C7B0D000FA5A44 /* Release */ = {
			isa = XCBuildConfiguration;
			buildSettings = {
				ASSETCATALOG_COMPILER_APPICON_NAME = AppIcon;
				ASSETCATALOG_COMPILER_GLOBAL_ACCENT_COLOR_NAME = AccentColor;
				CODE_SIGN_STYLE = Automatic;
				INFOPLIST_FILE = LearnBranching/Info.plist;
				LD_RUNPATH_SEARCH_PATHS = (
					"$(inherited)",
					"@executable_path/Frameworks",
				);
				PRODUCT_BUNDLE_IDENTIFIER = None.LearnBranching;
				PRODUCT_NAME = "$(TARGET_NAME)";
				SWIFT_VERSION = 5.0;
				TARGETED_DEVICE_FAMILY = "1,2";
			};
			name = Release;
		};
/* End XCBuildConfiguration section */

/* Begin XCConfigurationList section */
		FF504A7225C7B0C900FA5A44 /* Build configuration list for PBXProject "LearnBranching" */ = {
			isa = XCConfigurationList;
			buildConfigurations = (
				FF504A8925C7B0D000FA5A44 /* Debug */,
				FF504A8A25C7B0D000FA5A44 /* Release */,
			);
			defaultConfigurationIsVisible = 0;
			defaultConfigurationName = Release;
		};
		FF504A8B25C7B0D000FA5A44 /* Build configuration list for PBXNativeTarget "LearnBranching" */ = {
			isa = XCConfigurationList;
			buildConfigurations = (
				FF504A8C25C7B0D000FA5A44 /* Debug */,
				FF504A8D25C7B0D000FA5A44 /* Release */,
			);
			defaultConfigurationIsVisible = 0;
			defaultConfigurationName = Release;
		};
/* End XCConfigurationList section */
	};
	rootObject = FF504A6F25C7B0C900FA5A44 /* Project object */;
}
